
Microsoft Visual Studio Solution File, Format Version 12.00
# Visual Studio 15
VisualStudioVersion = 15.0.27703.2026
MinimumVisualStudioVersion = 10.0.40219.1
Project("{151D2E53-A2C4-4D7D-83FE-D05416EBD58E}") = "UrlShorteningService.Deployment", "UrlShorteningService.Deployment\UrlShorteningService.Deployment.deployproj", "{70C14DA7-9CD3-461C-879F-2E176A235BC4}"
EndProject
Project("{00D1A9C2-B5F0-4AF3-8072-F6C62B433612}") = "UrlShorteningService.Database", "UrlShorteningService.Database\UrlShorteningService.Database.sqlproj", "{E3285084-B2C8-4C8A-A176-AA0BD5B111BE}"
EndProject
Project("{FAE04EC0-301F-11D3-BF4B-00C04F79EFBC}") = "UrlShorteningService.Service", "UrlShorteningService.Service\UrlShorteningService.Service.csproj", "{020F4711-15ED-413D-BA64-3198DCA69A2A}"
EndProject
Project("{FAE04EC0-301F-11D3-BF4B-00C04F79EFBC}") = "UrlShorteningService.UI", "UrlShorteningService.UI\UrlShorteningService.UI.csproj", "{5FE0955A-7000-40DB-B87E-3734CEB9D309}"
EndProject
Project("{FAE04EC0-301F-11D3-BF4B-00C04F79EFBC}") = "UrlShorteningService.Service.IntegrationTests", "UrlShorteningService.Service.IntegrationTests\UrlShorteningService.Service.IntegrationTests.csproj", "{05932E83-32FC-4DFB-93D5-BFFEDA5BE1E1}"
EndProject
Project("{FAE04EC0-301F-11D3-BF4B-00C04F79EFBC}") = "UrlShorteningService.Model", "UrlShorteningService.Model\UrlShorteningService.Model.csproj", "{0B09E9E8-8C60-4E59-A63A-BEA55B7A1027}"
EndProject
Project("{FAE04EC0-301F-11D3-BF4B-00C04F79EFBC}") = "UrlShorteningService.Service.FunctionalTests", "UrlShorteningService.Service.FunctionalTests\UrlShorteningService.Service.FunctionalTests.csproj", "{E3F1F3ED-6354-40BE-98D0-81DED1085160}"
EndProject
Project("{9A19103F-16F7-4668-BE54-9A1E7A4F7556}") = "UrlShorteningService.UI.UnitTests", "UrlShorteningService.UI.UnitTests\UrlShorteningService.UI.UnitTests.csproj", "{C2FFAE02-C647-456B-B504-F859596774D6}"
EndProject
Project("{9A19103F-16F7-4668-BE54-9A1E7A4F7556}") = "UrlShorteningService.Service.UnitTests", "UrlShorteningService.Service.UnitTests\UrlShorteningService.Service.UnitTests.csproj", "{52EEC793-18F2-4B61-A3E0-5ED5F7DFC310}"
EndProject
Global
	GlobalSection(SolutionConfigurationPlatforms) = preSolution
		Debug|Any CPU = Debug|Any CPU
		Release|Any CPU = Release|Any CPU
	EndGlobalSection
	GlobalSection(ProjectConfigurationPlatforms) = postSolution
		{70C14DA7-9CD3-461C-879F-2E176A235BC4}.Debug|Any CPU.ActiveCfg = Debug|Any CPU
		{70C14DA7-9CD3-461C-879F-2E176A235BC4}.Debug|Any CPU.Build.0 = Debug|Any CPU
		{70C14DA7-9CD3-461C-879F-2E176A235BC4}.Release|Any CPU.ActiveCfg = Release|Any CPU
		{70C14DA7-9CD3-461C-879F-2E176A235BC4}.Release|Any CPU.Build.0 = Release|Any CPU
		{E3285084-B2C8-4C8A-A176-AA0BD5B111BE}.Debug|Any CPU.ActiveCfg = Debug|Any CPU
		{E3285084-B2C8-4C8A-A176-AA0BD5B111BE}.Debug|Any CPU.Build.0 = Debug|Any CPU
		{E3285084-B2C8-4C8A-A176-AA0BD5B111BE}.Debug|Any CPU.Deploy.0 = Debug|Any CPU
		{E3285084-B2C8-4C8A-A176-AA0BD5B111BE}.Release|Any CPU.ActiveCfg = Release|Any CPU
		{E3285084-B2C8-4C8A-A176-AA0BD5B111BE}.Release|Any CPU.Build.0 = Release|Any CPU
		{E3285084-B2C8-4C8A-A176-AA0BD5B111BE}.Release|Any CPU.Deploy.0 = Release|Any CPU
		{020F4711-15ED-413D-BA64-3198DCA69A2A}.Debug|Any CPU.ActiveCfg = Debug|Any CPU
		{020F4711-15ED-413D-BA64-3198DCA69A2A}.Debug|Any CPU.Build.0 = Debug|Any CPU
		{020F4711-15ED-413D-BA64-3198DCA69A2A}.Release|Any CPU.ActiveCfg = Release|Any CPU
		{020F4711-15ED-413D-BA64-3198DCA69A2A}.Release|Any CPU.Build.0 = Release|Any CPU
		{5FE0955A-7000-40DB-B87E-3734CEB9D309}.Debug|Any CPU.ActiveCfg = Debug|Any CPU
		{5FE0955A-7000-40DB-B87E-3734CEB9D309}.Debug|Any CPU.Build.0 = Debug|Any CPU
		{5FE0955A-7000-40DB-B87E-3734CEB9D309}.Release|Any CPU.ActiveCfg = Release|Any CPU
		{5FE0955A-7000-40DB-B87E-3734CEB9D309}.Release|Any CPU.Build.0 = Release|Any CPU
		{05932E83-32FC-4DFB-93D5-BFFEDA5BE1E1}.Debug|Any CPU.ActiveCfg = Debug|Any CPU
		{05932E83-32FC-4DFB-93D5-BFFEDA5BE1E1}.Debug|Any CPU.Build.0 = Debug|Any CPU
		{05932E83-32FC-4DFB-93D5-BFFEDA5BE1E1}.Release|Any CPU.ActiveCfg = Release|Any CPU
		{05932E83-32FC-4DFB-93D5-BFFEDA5BE1E1}.Release|Any CPU.Build.0 = Release|Any CPU
		{0B09E9E8-8C60-4E59-A63A-BEA55B7A1027}.Debug|Any CPU.ActiveCfg = Debug|Any CPU
		{0B09E9E8-8C60-4E59-A63A-BEA55B7A1027}.Debug|Any CPU.Build.0 = Debug|Any CPU
		{0B09E9E8-8C60-4E59-A63A-BEA55B7A1027}.Release|Any CPU.ActiveCfg = Release|Any CPU
		{0B09E9E8-8C60-4E59-A63A-BEA55B7A1027}.Release|Any CPU.Build.0 = Release|Any CPU
		{E3F1F3ED-6354-40BE-98D0-81DED1085160}.Debug|Any CPU.ActiveCfg = Debug|Any CPU
		{E3F1F3ED-6354-40BE-98D0-81DED1085160}.Debug|Any CPU.Build.0 = Debug|Any CPU
		{E3F1F3ED-6354-40BE-98D0-81DED1085160}.Release|Any CPU.ActiveCfg = Release|Any CPU
		{E3F1F3ED-6354-40BE-98D0-81DED1085160}.Release|Any CPU.Build.0 = Release|Any CPU
		{C2FFAE02-C647-456B-B504-F859596774D6}.Debug|Any CPU.ActiveCfg = Debug|Any CPU
		{C2FFAE02-C647-456B-B504-F859596774D6}.Debug|Any CPU.Build.0 = Debug|Any CPU
		{C2FFAE02-C647-456B-B504-F859596774D6}.Release|Any CPU.ActiveCfg = Release|Any CPU
		{C2FFAE02-C647-456B-B504-F859596774D6}.Release|Any CPU.Build.0 = Release|Any CPU
		{52EEC793-18F2-4B61-A3E0-5ED5F7DFC310}.Debug|Any CPU.ActiveCfg = Debug|Any CPU
		{52EEC793-18F2-4B61-A3E0-5ED5F7DFC310}.Debug|Any CPU.Build.0 = Debug|Any CPU
		{52EEC793-18F2-4B61-A3E0-5ED5F7DFC310}.Release|Any CPU.ActiveCfg = Release|Any CPU
		{52EEC793-18F2-4B61-A3E0-5ED5F7DFC310}.Release|Any CPU.Build.0 = Release|Any CPU
	EndGlobalSection
	GlobalSection(SolutionProperties) = preSolution
		HideSolutionNode = FALSE
	EndGlobalSection
	GlobalSection(ExtensibilityGlobals) = postSolution
		SolutionGuid = {ED724B90-CDF8-4CA5-A720-CBD40B45CF21}
	EndGlobalSection
EndGlobal
